{
  "name": "math-tools-vaniadw",
  "version": "1.0.0",
  "lockfileVersion": 3,
  "requires": true,
  "packages": {
    "": {
      "name": "math-tools-vaniadw",
      "version": "1.0.0",
      "license": "ISC",
      "dependencies": {
        "math-tools-vaniadw": "^1.0.0"
      }
    },
    "node_modules/math-tools-vaniadw": {
      "version": "1.0.0",
      "resolved": "https://registry.npmjs.org/math-tools-vaniadw/-/math-tools-vaniadw-1.0.0.tgz",
      "integrity": "sha512-U5t8Z+89b901pCaggBnszubbH8lHxkRLxFMWYUiu6Df2Jbj6p+K4jFEfMjuV9aCGOr2qktX+X8tIC5H4acW76Q==",
      "license": "ISC"
    }
  }
}
